{
    "requires": true,
    "lockfileVersion": 1,
    "dependencies": {
        "@fullcalendar/common": {
            "version": "5.9.0",
            "resolved": "https://registry.npmjs.org/@fullcalendar/common/-/common-5.9.0.tgz",
            "integrity": "sha512-wfUDRg53gzUU7Ng1wqjvvM2ncFx+5PiyCq5k2KjEbMourv7m4Zw6B3xlhpQbfUv3WOnbJgwLLNLFEMcsEJpXBQ==",
            "requires": {
                "tslib": "^2.1.0"
            }
        },
        "@fullcalendar/daygrid": {
            "version": "5.9.0",
            "resolved": "https://registry.npmjs.org/@fullcalendar/daygrid/-/daygrid-5.9.0.tgz",
            "integrity": "sha512-yTYjTM+bjTWfq5uUnSMBH4j1il+b0IAAe+q2UcAeky4iggwn9pi+taUtETtlPTQCSBSWaF8TuEZ3+apB0RrjyQ==",
            "requires": {
                "@fullcalendar/common": "~5.9.0",
                "tslib": "^2.1.0"
            }
        },
        "@fullcalendar/interaction": {
            "version": "5.9.0",
            "resolved": "https://registry.npmjs.org/@fullcalendar/interaction/-/interaction-5.9.0.tgz",
            "integrity": "sha512-bBvcY3Mh2z4rP5AqB8dL76SljPEVCVawNmdQlcKShedhxvkkMR1zMcJ3sgabLBvXqooC9f+PbmEb5LlSGEse3A==",
            "requires": {
                "@fullcalendar/common": "~5.9.0",
                "tslib": "^2.1.0"
            }
        },
        "@fullcalendar/react": {
            "version": "5.9.0",
            "resolved": "https://registry.npmjs.org/@fullcalendar/react/-/react-5.9.0.tgz",
            "integrity": "sha512-Di4V5RI0MSVEa4L9yues9f6VfAmuzZAr3EAaGzlA27GhDv+ofWoYoohPcAanRrExiCf2W4R2ZyecJh+/TRPshg==",
            "requires": {
                "@fullcalendar/common": "~5.9.0",
                "tslib": "^2.1.0"
            }
        },
        "@fullcalendar/timegrid": {
            "version": "5.9.0",
            "resolved": "https://registry.npmjs.org/@fullcalendar/timegrid/-/timegrid-5.9.0.tgz",
            "integrity": "sha512-X9JLepHz6hSuiziVkIlgBkx/W/5E4nIqJ6i0LISk3zPFH/Arn0QjQU345ISys8OTwezPUgJvLGrl4Yy4/gRULw==",
            "requires": {
                "@fullcalendar/common": "~5.9.0",
                "@fullcalendar/daygrid": "~5.9.0",
                "tslib": "^2.1.0"
            }
        },
        "axios": {
            "version": "0.21.1",
            "resolved": "https://registry.npmjs.org/axios/-/axios-0.21.1.tgz",
            "integrity": "sha512-dKQiRHxGD9PPRIUNIWvZhPTPpl1rf/OxTYKsqKUDjBwYylTvV7SjSHJb9ratfyzM6wCdLCOYLzs73qpg5c4iGA==",
            "dev": true,
            "requires": {
                "follow-redirects": "^1.10.0"
            }
        },
        "follow-redirects": {
            "version": "1.14.2",
            "resolved": "https://registry.npmjs.org/follow-redirects/-/follow-redirects-1.14.2.tgz",
            "integrity": "sha512-yLR6WaE2lbF0x4K2qE2p9PEXKLDjUjnR/xmjS3wHAYxtlsI9MLLBJUZirAHKzUZDGLxje7w/cXR49WOUo4rbsA==",
            "dev": true
        },
        "tslib": {
            "version": "2.3.1",
            "resolved": "https://registry.npmjs.org/tslib/-/tslib-2.3.1.tgz",
            "integrity": "sha512-77EbyPPpMz+FRFRuAFlWMtmgUWGe9UOG2Z25NqCwiIjRhOf5iKGuzSe5P2w1laq+FkRy4p+PCuVkJSGkzTEKVw=="
        }
    }
}
